
Microsoft Visual Studio Solution File, Format Version 12.00
# Visual Studio Version 16
VisualStudioVersion = 16.0.31702.278
MinimumVisualStudioVersion = 10.0.40219.1
Project("{FAE04EC0-301F-11D3-BF4B-00C04F79EFBC}") = "PerfectNumber", "PerfectNumber.csproj", "{478D9FFB-C80D-43A1-8302-5824DCB5F35A}"
EndProject
Global
	GlobalSection(SolutionConfigurationPlatforms) = preSolution
		Debug|Any CPU = Debug|Any CPU
		Release|Any CPU = Release|Any CPU
	EndGlobalSection
	GlobalSection(ProjectConfigurationPlatforms) = postSolution
		{478D9FFB-C80D-43A1-8302-5824DCB5F35A}.Debug|Any CPU.ActiveCfg = Debug|Any CPU
		{478D9FFB-C80D-43A1-8302-5824DCB5F35A}.Debug|Any CPU.Build.0 = Debug|Any CPU
		{478D9FFB-C80D-43A1-8302-5824DCB5F35A}.Release|Any CPU.ActiveCfg = Release|Any CPU
		{478D9FFB-C80D-43A1-8302-5824DCB5F35A}.Release|Any CPU.Build.0 = Release|Any CPU
	EndGlobalSection
	GlobalSection(SolutionProperties) = preSolution
		HideSolutionNode = FALSE
	EndGlobalSection
	GlobalSection(ExtensibilityGlobals) = postSolution
		SolutionGuid = {F5734275-94B6-4C4C-853C-14A7BFC778F0}
	EndGlobalSection
EndGlobal
