
Microsoft Visual Studio Solution File, Format Version 12.00
# Visual Studio Version 16
VisualStudioVersion = 16.0.31702.278
MinimumVisualStudioVersion = 10.0.40219.1
Project("{FAE04EC0-301F-11D3-BF4B-00C04F79EFBC}") = "ConsoleApp1", "ConsoleApp1.csproj", "{0FE99CF2-72B4-45CF-98AA-FC332F09C214}"
EndProject
Global
	GlobalSection(SolutionConfigurationPlatforms) = preSolution
		Debug|Any CPU = Debug|Any CPU
		Release|Any CPU = Release|Any CPU
	EndGlobalSection
	GlobalSection(ProjectConfigurationPlatforms) = postSolution
		{0FE99CF2-72B4-45CF-98AA-FC332F09C214}.Debug|Any CPU.ActiveCfg = Debug|Any CPU
		{0FE99CF2-72B4-45CF-98AA-FC332F09C214}.Debug|Any CPU.Build.0 = Debug|Any CPU
		{0FE99CF2-72B4-45CF-98AA-FC332F09C214}.Release|Any CPU.ActiveCfg = Release|Any CPU
		{0FE99CF2-72B4-45CF-98AA-FC332F09C214}.Release|Any CPU.Build.0 = Release|Any CPU
	EndGlobalSection
	GlobalSection(SolutionProperties) = preSolution
		HideSolutionNode = FALSE
	EndGlobalSection
	GlobalSection(ExtensibilityGlobals) = postSolution
		SolutionGuid = {C98797E5-812A-4F2D-BB45-1934E6A2E6C9}
	EndGlobalSection
EndGlobal
