
Microsoft Visual Studio Solution File, Format Version 12.00
# Visual Studio Version 16
VisualStudioVersion = 16.0.31702.278
MinimumVisualStudioVersion = 10.0.40219.1
Project("{FAE04EC0-301F-11D3-BF4B-00C04F79EFBC}") = "PrimeNumber", "PrimeNumber.csproj", "{21417437-BACD-4A41-B2F0-CEE860106EB8}"
EndProject
Global
	GlobalSection(SolutionConfigurationPlatforms) = preSolution
		Debug|Any CPU = Debug|Any CPU
		Release|Any CPU = Release|Any CPU
	EndGlobalSection
	GlobalSection(ProjectConfigurationPlatforms) = postSolution
		{21417437-BACD-4A41-B2F0-CEE860106EB8}.Debug|Any CPU.ActiveCfg = Debug|Any CPU
		{21417437-BACD-4A41-B2F0-CEE860106EB8}.Debug|Any CPU.Build.0 = Debug|Any CPU
		{21417437-BACD-4A41-B2F0-CEE860106EB8}.Release|Any CPU.ActiveCfg = Release|Any CPU
		{21417437-BACD-4A41-B2F0-CEE860106EB8}.Release|Any CPU.Build.0 = Release|Any CPU
	EndGlobalSection
	GlobalSection(SolutionProperties) = preSolution
		HideSolutionNode = FALSE
	EndGlobalSection
	GlobalSection(ExtensibilityGlobals) = postSolution
		SolutionGuid = {BE6C78B0-4B86-4687-A91D-EC02C85FE836}
	EndGlobalSection
EndGlobal
